{
  "name": "global-human-stack",
  "version": "1.0.0",
  "lockfileVersion": 3,
  "requires": true,
  "packages": {
    "": {
      "name": "global-human-stack",
      "version": "1.0.0",
      "workspaces": [
        "packages/contracts",
        "packages/sdk",
        "packages/api"
      ],
      "devDependencies": {
        "turbo": "^1.10.0",
        "typescript": "^5.0.0"
      }
    },
    "node_modules/@global-human-stack/api": {
      "resolved": "packages/api",
      "link": true
    },
    "node_modules/@global-human-stack/contracts": {
      "resolved": "packages/contracts",
      "link": true
    },
    "node_modules/@global-human-stack/sdk": {
      "resolved": "packages/sdk",
      "link": true
    },
    "node_modules/turbo": {
      "version": "1.13.4",
      "dev": true,
      "license": "MPL-2.0",
      "bin": {
        "turbo": "bin/turbo"
      },
      "optionalDependencies": {
        "turbo-darwin-64": "1.13.4",
        "turbo-darwin-arm64": "1.13.4",
        "turbo-linux-64": "1.13.4",
        "turbo-linux-arm64": "1.13.4",
        "turbo-windows-64": "1.13.4",
        "turbo-windows-arm64": "1.13.4"
      }
    },
    "node_modules/turbo-linux-64": {
      "version": "1.13.4",
      "cpu": [
        "x64"
      ],
      "dev": true,
      "license": "MPL-2.0",
      "optional": true,
      "os": [
        "linux"
      ]
    },
    "node_modules/typescript": {
      "version": "5.9.3",
      "dev": true,
      "license": "Apache-2.0",
      "bin": {
        "tsc": "bin/tsc",
        "tsserver": "bin/tsserver"
      },
      "engines": {
        "node": ">=14.17"
      }
    },
    "packages/api": {
      "name": "@global-human-stack/api",
      "version": "0.1.0"
    },
    "packages/contracts": {
      "name": "@global-human-stack/contracts",
      "version": "0.1.0"
    },
    "packages/sdk": {
      "name": "@global-human-stack/sdk",
      "version": "0.1.0"
    }
  }
}
